// !$*UTF8*$!
{
	archiveVersion = 1;
	classes = {
	};
	objectVersion = 56;
	objects = {

/* Begin PBXBuildFile section */
		D82A45782C1B4A9E00C25D26 /* AppDelegate.swift in Sources */ = {isa = PBXBuildFile; fileRef = D82A45772C1B4A9E00C25D26 /* AppDelegate.swift */; };
		D82A457A2C1B4A9E00C25D26 /* SceneDelegate.swift in Sources */ = {isa = PBXBuildFile; fileRef = D82A45792C1B4A9E00C25D26 /* SceneDelegate.swift */; };
		D82A457C2C1B4A9E00C25D26 /* ViewController.swift in Sources */ = {isa = PBXBuildFile; fileRef = D82A457B2C1B4A9E00C25D26 /* ViewController.swift */; };
		D82A457F2C1B4A9E00C25D26 /* Base in Resources */ = {isa = PBXBuildFile; fileRef = D82A457E2C1B4A9E00C25D26 /* Base */; };
		D82A45812C1B4A9F00C25D26 /* Assets.xcassets in Resources */ = {isa = PBXBuildFile; fileRef = D82A45802C1B4A9F00C25D26 /* Assets.xcassets */; };
		D82A458F2C1B4BEB00C25D26 /* SnapKit in Frameworks */ = {isa = PBXBuildFile; productRef = D82A458E2C1B4BEB00C25D26 /* SnapKit */; };
		D82A45922C1B4DB900C25D26 /* LaunchScreenViewController.swift in Sources */ = {isa = PBXBuildFile; fileRef = D82A45912C1B4DB900C25D26 /* LaunchScreenViewController.swift */; };
		D82A45952C1B58E500C25D26 /* MainViewController.swift in Sources */ = {isa = PBXBuildFile; fileRef = D82A45942C1B58E500C25D26 /* MainViewController.swift */; };
		D82A45972C1B5EBA00C25D26 /* ButtonStyle.swift in Sources */ = {isa = PBXBuildFile; fileRef = D82A45962C1B5EBA00C25D26 /* ButtonStyle.swift */; };
		D82A459A2C1B621900C25D26 /* ProfileViewController.swift in Sources */ = {isa = PBXBuildFile; fileRef = D82A45992C1B621900C25D26 /* ProfileViewController.swift */; };
		D82A459D2C1B6F8500C25D26 /* FindViewController.swift in Sources */ = {isa = PBXBuildFile; fileRef = D82A459C2C1B6F8500C25D26 /* FindViewController.swift */; };
		D82A459F2C1B792200C25D26 /* ProfileImageViewController.swift in Sources */ = {isa = PBXBuildFile; fileRef = D82A459E2C1B792200C25D26 /* ProfileImageViewController.swift */; };
		D82A45A12C1B7B8300C25D26 /* ProfileImageCollectionViewCell.swift in Sources */ = {isa = PBXBuildFile; fileRef = D82A45A02C1B7B8300C25D26 /* ProfileImageCollectionViewCell.swift */; };
		D82A45A52C1CB58B00C25D26 /* FindResultViewController.swift in Sources */ = {isa = PBXBuildFile; fileRef = D82A45A42C1CB58B00C25D26 /* FindResultViewController.swift */; };
		D82A45A82C1CE45F00C25D26 /* Alamofire in Frameworks */ = {isa = PBXBuildFile; productRef = D82A45A72C1CE45F00C25D26 /* Alamofire */; };
		D82A45AA2C1CE5FE00C25D26 /* .gitignore in Resources */ = {isa = PBXBuildFile; fileRef = D82A45A92C1CE5FE00C25D26 /* .gitignore */; };
		D82A45AC2C1CE62900C25D26 /* APIKey.swift in Sources */ = {isa = PBXBuildFile; fileRef = D82A45AB2C1CE62900C25D26 /* APIKey.swift */; };
		D82A45AE2C1CE68000C25D26 /* Naver.swift in Sources */ = {isa = PBXBuildFile; fileRef = D82A45AD2C1CE68000C25D26 /* Naver.swift */; };
		D82A45B02C1DE09200C25D26 /* FindResultCollectionViewCell.swift in Sources */ = {isa = PBXBuildFile; fileRef = D82A45AF2C1DE09200C25D26 /* FindResultCollectionViewCell.swift */; };
		D82A45B32C1DEEDD00C25D26 /* Kingfisher in Frameworks */ = {isa = PBXBuildFile; productRef = D82A45B22C1DEEDD00C25D26 /* Kingfisher */; };
		D82A45B62C1EAA7100C25D26 /* DetailViewController.swift in Sources */ = {isa = PBXBuildFile; fileRef = D82A45B52C1EAA7100C25D26 /* DetailViewController.swift */; };
		D82A45B92C1EB1F000C25D26 /* SettingViewController.swift in Sources */ = {isa = PBXBuildFile; fileRef = D82A45B82C1EB1F000C25D26 /* SettingViewController.swift */; };
		D82A45BB2C1F0FE700C25D26 /* SettingTableViewCell.swift in Sources */ = {isa = PBXBuildFile; fileRef = D82A45BA2C1F0FE600C25D26 /* SettingTableViewCell.swift */; };
		D82A45BE2C1F488B00C25D26 /* EditViewController.swift in Sources */ = {isa = PBXBuildFile; fileRef = D82A45BD2C1F488B00C25D26 /* EditViewController.swift */; };
		D82A45C02C1F52B700C25D26 /* EditProfileViewController.swift in Sources */ = {isa = PBXBuildFile; fileRef = D82A45BF2C1F52B700C25D26 /* EditProfileViewController.swift */; };
		D82A45C22C1F52C800C25D26 /* EditProfileCollectionViewCell.swift in Sources */ = {isa = PBXBuildFile; fileRef = D82A45C12C1F52C800C25D26 /* EditProfileCollectionViewCell.swift */; };
		D82A45C42C1F5A9E00C25D26 /* FindListViewController.swift in Sources */ = {isa = PBXBuildFile; fileRef = D82A45C32C1F5A9E00C25D26 /* FindListViewController.swift */; };
		D82A45C62C1F606300C25D26 /* FindListTableViewCell.swift in Sources */ = {isa = PBXBuildFile; fileRef = D82A45C52C1F606300C25D26 /* FindListTableViewCell.swift */; };
		D82A45F42C205D2900C25D26 /* LaunchScreen.storyboard in Resources */ = {isa = PBXBuildFile; fileRef = D82A45F32C205D2900C25D26 /* LaunchScreen.storyboard */; };
		D89ED5142C2480F300ACE555 /* testdddd.swift in Sources */ = {isa = PBXBuildFile; fileRef = D89ED5132C2480F300ACE555 /* testdddd.swift */; };
/* End PBXBuildFile section */

/* Begin PBXFileReference section */
		D82A45742C1B4A9E00C25D26 /* MeaningOut.app */ = {isa = PBXFileReference; explicitFileType = wrapper.application; includeInIndex = 0; path = MeaningOut.app; sourceTree = BUILT_PRODUCTS_DIR; };
		D82A45772C1B4A9E00C25D26 /* AppDelegate.swift */ = {isa = PBXFileReference; lastKnownFileType = sourcecode.swift; path = AppDelegate.swift; sourceTree = "<group>"; };
		D82A45792C1B4A9E00C25D26 /* SceneDelegate.swift */ = {isa = PBXFileReference; lastKnownFileType = sourcecode.swift; path = SceneDelegate.swift; sourceTree = "<group>"; };
		D82A457B2C1B4A9E00C25D26 /* ViewController.swift */ = {isa = PBXFileReference; lastKnownFileType = sourcecode.swift; path = ViewController.swift; sourceTree = "<group>"; };
		D82A457E2C1B4A9E00C25D26 /* Base */ = {isa = PBXFileReference; lastKnownFileType = file.storyboard; name = Base; path = Base.lproj/Main.storyboard; sourceTree = "<group>"; };
		D82A45802C1B4A9F00C25D26 /* Assets.xcassets */ = {isa = PBXFileReference; lastKnownFileType = folder.assetcatalog; path = Assets.xcassets; sourceTree = "<group>"; };
		D82A45852C1B4A9F00C25D26 /* Info.plist */ = {isa = PBXFileReference; lastKnownFileType = text.plist.xml; path = Info.plist; sourceTree = "<group>"; };
		D82A45912C1B4DB900C25D26 /* LaunchScreenViewController.swift */ = {isa = PBXFileReference; lastKnownFileType = sourcecode.swift; path = LaunchScreenViewController.swift; sourceTree = "<group>"; };
		D82A45942C1B58E500C25D26 /* MainViewController.swift */ = {isa = PBXFileReference; lastKnownFileType = sourcecode.swift; path = MainViewController.swift; sourceTree = "<group>"; };
		D82A45962C1B5EBA00C25D26 /* ButtonStyle.swift */ = {isa = PBXFileReference; lastKnownFileType = sourcecode.swift; path = ButtonStyle.swift; sourceTree = "<group>"; };
		D82A45992C1B621900C25D26 /* ProfileViewController.swift */ = {isa = PBXFileReference; lastKnownFileType = sourcecode.swift; path = ProfileViewController.swift; sourceTree = "<group>"; };
		D82A459C2C1B6F8500C25D26 /* FindViewController.swift */ = {isa = PBXFileReference; lastKnownFileType = sourcecode.swift; path = FindViewController.swift; sourceTree = "<group>"; };
		D82A459E2C1B792200C25D26 /* ProfileImageViewController.swift */ = {isa = PBXFileReference; lastKnownFileType = sourcecode.swift; path = ProfileImageViewController.swift; sourceTree = "<group>"; };
		D82A45A02C1B7B8300C25D26 /* ProfileImageCollectionViewCell.swift */ = {isa = PBXFileReference; lastKnownFileType = sourcecode.swift; path = ProfileImageCollectionViewCell.swift; sourceTree = "<group>"; };
		D82A45A42C1CB58B00C25D26 /* FindResultViewController.swift */ = {isa = PBXFileReference; lastKnownFileType = sourcecode.swift; path = FindResultViewController.swift; sourceTree = "<group>"; };
		D82A45A92C1CE5FE00C25D26 /* .gitignore */ = {isa = PBXFileReference; lastKnownFileType = text; path = .gitignore; sourceTree = "<group>"; };
		D82A45AB2C1CE62900C25D26 /* APIKey.swift */ = {isa = PBXFileReference; lastKnownFileType = sourcecode.swift; path = APIKey.swift; sourceTree = "<group>"; };
		D82A45AD2C1CE68000C25D26 /* Naver.swift */ = {isa = PBXFileReference; lastKnownFileType = sourcecode.swift; path = Naver.swift; sourceTree = "<group>"; };
		D82A45AF2C1DE09200C25D26 /* FindResultCollectionViewCell.swift */ = {isa = PBXFileReference; lastKnownFileType = sourcecode.swift; path = FindResultCollectionViewCell.swift; sourceTree = "<group>"; };
		D82A45B52C1EAA7100C25D26 /* DetailViewController.swift */ = {isa = PBXFileReference; lastKnownFileType = sourcecode.swift; path = DetailViewController.swift; sourceTree = "<group>"; };
		D82A45B82C1EB1F000C25D26 /* SettingViewController.swift */ = {isa = PBXFileReference; lastKnownFileType = sourcecode.swift; path = SettingViewController.swift; sourceTree = "<group>"; };
		D82A45BA2C1F0FE600C25D26 /* SettingTableViewCell.swift */ = {isa = PBXFileReference; lastKnownFileType = sourcecode.swift; path = SettingTableViewCell.swift; sourceTree = "<group>"; };
		D82A45BD2C1F488B00C25D26 /* EditViewController.swift */ = {isa = PBXFileReference; lastKnownFileType = sourcecode.swift; path = EditViewController.swift; sourceTree = "<group>"; };
		D82A45BF2C1F52B700C25D26 /* EditProfileViewController.swift */ = {isa = PBXFileReference; lastKnownFileType = sourcecode.swift; path = EditProfileViewController.swift; sourceTree = "<group>"; };
		D82A45C12C1F52C800C25D26 /* EditProfileCollectionViewCell.swift */ = {isa = PBXFileReference; lastKnownFileType = sourcecode.swift; path = EditProfileCollectionViewCell.swift; sourceTree = "<group>"; };
		D82A45C32C1F5A9E00C25D26 /* FindListViewController.swift */ = {isa = PBXFileReference; lastKnownFileType = sourcecode.swift; path = FindListViewController.swift; sourceTree = "<group>"; };
		D82A45C52C1F606300C25D26 /* FindListTableViewCell.swift */ = {isa = PBXFileReference; lastKnownFileType = sourcecode.swift; path = FindListTableViewCell.swift; sourceTree = "<group>"; };
		D82A45F32C205D2900C25D26 /* LaunchScreen.storyboard */ = {isa = PBXFileReference; lastKnownFileType = file.storyboard; path = LaunchScreen.storyboard; sourceTree = "<group>"; };
		D89ED5132C2480F300ACE555 /* testdddd.swift */ = {isa = PBXFileReference; lastKnownFileType = sourcecode.swift; path = testdddd.swift; sourceTree = "<group>"; };
/* End PBXFileReference section */

/* Begin PBXFrameworksBuildPhase section */
		D82A45712C1B4A9E00C25D26 /* Frameworks */ = {
			isa = PBXFrameworksBuildPhase;
			buildActionMask = 2147483647;
			files = (
				D82A45B32C1DEEDD00C25D26 /* Kingfisher in Frameworks */,
				D82A458F2C1B4BEB00C25D26 /* SnapKit in Frameworks */,
				D82A45A82C1CE45F00C25D26 /* Alamofire in Frameworks */,
			);
			runOnlyForDeploymentPostprocessing = 0;
		};
/* End PBXFrameworksBuildPhase section */

/* Begin PBXGroup section */
		D82A456B2C1B4A9E00C25D26 = {
			isa = PBXGroup;
			children = (
				D82A45A92C1CE5FE00C25D26 /* .gitignore */,
				D82A45762C1B4A9E00C25D26 /* MeaningOut */,
				D82A45752C1B4A9E00C25D26 /* Products */,
			);
			sourceTree = "<group>";
		};
		D82A45752C1B4A9E00C25D26 /* Products */ = {
			isa = PBXGroup;
			children = (
				D82A45742C1B4A9E00C25D26 /* MeaningOut.app */,
			);
			name = Products;
			sourceTree = "<group>";
		};
		D82A45762C1B4A9E00C25D26 /* MeaningOut */ = {
			isa = PBXGroup;
			children = (
				D82A45BC2C1F487B00C25D26 /* Edit */,
				D82A45B72C1EB1E400C25D26 /* Setting */,
				D82A45B42C1EAA5B00C25D26 /* Detail */,
				D82A45A32C1CB57D00C25D26 /* FindResult */,
				D82A459B2C1B6F7700C25D26 /* Find */,
				D82A45982C1B620700C25D26 /* Profile */,
				D82A45932C1B58DB00C25D26 /* Main */,
				D82A45902C1B4DAB00C25D26 /* LaunchScreen */,
				D82A45772C1B4A9E00C25D26 /* AppDelegate.swift */,
				D82A45792C1B4A9E00C25D26 /* SceneDelegate.swift */,
				D82A457B2C1B4A9E00C25D26 /* ViewController.swift */,
				D82A45F32C205D2900C25D26 /* LaunchScreen.storyboard */,
				D82A457D2C1B4A9E00C25D26 /* Main.storyboard */,
				D82A45802C1B4A9F00C25D26 /* Assets.xcassets */,
				D82A45852C1B4A9F00C25D26 /* Info.plist */,
				D82A45AB2C1CE62900C25D26 /* APIKey.swift */,
				D82A45AD2C1CE68000C25D26 /* Naver.swift */,
				D89ED5132C2480F300ACE555 /* testdddd.swift */,
			);
			path = MeaningOut;
			sourceTree = "<group>";
		};
		D82A45902C1B4DAB00C25D26 /* LaunchScreen */ = {
			isa = PBXGroup;
			children = (
				D82A45912C1B4DB900C25D26 /* LaunchScreenViewController.swift */,
			);
			path = LaunchScreen;
			sourceTree = "<group>";
		};
		D82A45932C1B58DB00C25D26 /* Main */ = {
			isa = PBXGroup;
			children = (
				D82A45942C1B58E500C25D26 /* MainViewController.swift */,
				D82A45962C1B5EBA00C25D26 /* ButtonStyle.swift */,
			);
			path = Main;
			sourceTree = "<group>";
		};
		D82A45982C1B620700C25D26 /* Profile */ = {
			isa = PBXGroup;
			children = (
				D82A45992C1B621900C25D26 /* ProfileViewController.swift */,
				D82A459E2C1B792200C25D26 /* ProfileImageViewController.swift */,
				D82A45A02C1B7B8300C25D26 /* ProfileImageCollectionViewCell.swift */,
			);
			path = Profile;
			sourceTree = "<group>";
		};
		D82A459B2C1B6F7700C25D26 /* Find */ = {
			isa = PBXGroup;
			children = (
				D82A459C2C1B6F8500C25D26 /* FindViewController.swift */,
				D82A45C32C1F5A9E00C25D26 /* FindListViewController.swift */,
				D82A45C52C1F606300C25D26 /* FindListTableViewCell.swift */,
			);
			path = Find;
			sourceTree = "<group>";
		};
		D82A45A32C1CB57D00C25D26 /* FindResult */ = {
			isa = PBXGroup;
			children = (
				D82A45A42C1CB58B00C25D26 /* FindResultViewController.swift */,
				D82A45AF2C1DE09200C25D26 /* FindResultCollectionViewCell.swift */,
			);
			path = FindResult;
			sourceTree = "<group>";
		};
		D82A45B42C1EAA5B00C25D26 /* Detail */ = {
			isa = PBXGroup;
			children = (
				D82A45B52C1EAA7100C25D26 /* DetailViewController.swift */,
			);
			path = Detail;
			sourceTree = "<group>";
		};
		D82A45B72C1EB1E400C25D26 /* Setting */ = {
			isa = PBXGroup;
			children = (
				D82A45B82C1EB1F000C25D26 /* SettingViewController.swift */,
				D82A45BA2C1F0FE600C25D26 /* SettingTableViewCell.swift */,
			);
			path = Setting;
			sourceTree = "<group>";
		};
		D82A45BC2C1F487B00C25D26 /* Edit */ = {
			isa = PBXGroup;
			children = (
				D82A45BD2C1F488B00C25D26 /* EditViewController.swift */,
				D82A45BF2C1F52B700C25D26 /* EditProfileViewController.swift */,
				D82A45C12C1F52C800C25D26 /* EditProfileCollectionViewCell.swift */,
			);
			path = Edit;
			sourceTree = "<group>";
		};
/* End PBXGroup section */

/* Begin PBXNativeTarget section */
		D82A45732C1B4A9E00C25D26 /* MeaningOut */ = {
			isa = PBXNativeTarget;
			buildConfigurationList = D82A45882C1B4A9F00C25D26 /* Build configuration list for PBXNativeTarget "MeaningOut" */;
			buildPhases = (
				D82A45702C1B4A9E00C25D26 /* Sources */,
				D82A45712C1B4A9E00C25D26 /* Frameworks */,
				D82A45722C1B4A9E00C25D26 /* Resources */,
			);
			buildRules = (
			);
			dependencies = (
			);
			name = MeaningOut;
			packageProductDependencies = (
				D82A458E2C1B4BEB00C25D26 /* SnapKit */,
				D82A45A72C1CE45F00C25D26 /* Alamofire */,
				D82A45B22C1DEEDD00C25D26 /* Kingfisher */,
			);
			productName = MeaningOut;
			productReference = D82A45742C1B4A9E00C25D26 /* MeaningOut.app */;
			productType = "com.apple.product-type.application";
		};
/* End PBXNativeTarget section */

/* Begin PBXProject section */
		D82A456C2C1B4A9E00C25D26 /* Project object */ = {
			isa = PBXProject;
			attributes = {
				BuildIndependentTargetsInParallel = 1;
				LastSwiftUpdateCheck = 1540;
				LastUpgradeCheck = 1540;
				TargetAttributes = {
					D82A45732C1B4A9E00C25D26 = {
						CreatedOnToolsVersion = 15.4;
					};
				};
			};
			buildConfigurationList = D82A456F2C1B4A9E00C25D26 /* Build configuration list for PBXProject "MeaningOut" */;
			compatibilityVersion = "Xcode 14.0";
			developmentRegion = en;
			hasScannedForEncodings = 0;
			knownRegions = (
				en,
				Base,
			);
			mainGroup = D82A456B2C1B4A9E00C25D26;
			packageReferences = (
				D82A458D2C1B4BEB00C25D26 /* XCRemoteSwiftPackageReference "SnapKit" */,
				D82A45A62C1CE45F00C25D26 /* XCRemoteSwiftPackageReference "Alamofire" */,
				D82A45B12C1DEEDD00C25D26 /* XCRemoteSwiftPackageReference "Kingfisher" */,
			);
			productRefGroup = D82A45752C1B4A9E00C25D26 /* Products */;
			projectDirPath = "";
			projectRoot = "";
			targets = (
				D82A45732C1B4A9E00C25D26 /* MeaningOut */,
			);
		};
/* End PBXProject section */

/* Begin PBXResourcesBuildPhase section */
		D82A45722C1B4A9E00C25D26 /* Resources */ = {
			isa = PBXResourcesBuildPhase;
			buildActionMask = 2147483647;
			files = (
				D82A45AA2C1CE5FE00C25D26 /* .gitignore in Resources */,
				D82A45F42C205D2900C25D26 /* LaunchScreen.storyboard in Resources */,
				D82A45812C1B4A9F00C25D26 /* Assets.xcassets in Resources */,
				D82A457F2C1B4A9E00C25D26 /* Base in Resources */,
			);
			runOnlyForDeploymentPostprocessing = 0;
		};
/* End PBXResourcesBuildPhase section */

/* Begin PBXSourcesBuildPhase section */
		D82A45702C1B4A9E00C25D26 /* Sources */ = {
			isa = PBXSourcesBuildPhase;
			buildActionMask = 2147483647;
			files = (
				D82A45C22C1F52C800C25D26 /* EditProfileCollectionViewCell.swift in Sources */,
				D82A459F2C1B792200C25D26 /* ProfileImageViewController.swift in Sources */,
				D82A457C2C1B4A9E00C25D26 /* ViewController.swift in Sources */,
				D82A45A52C1CB58B00C25D26 /* FindResultViewController.swift in Sources */,
				D82A45B92C1EB1F000C25D26 /* SettingViewController.swift in Sources */,
				D82A45A12C1B7B8300C25D26 /* ProfileImageCollectionViewCell.swift in Sources */,
				D82A45C62C1F606300C25D26 /* FindListTableViewCell.swift in Sources */,
				D82A45AE2C1CE68000C25D26 /* Naver.swift in Sources */,
				D82A45782C1B4A9E00C25D26 /* AppDelegate.swift in Sources */,
				D82A45C02C1F52B700C25D26 /* EditProfileViewController.swift in Sources */,
				D82A45B02C1DE09200C25D26 /* FindResultCollectionViewCell.swift in Sources */,
				D82A45BE2C1F488B00C25D26 /* EditViewController.swift in Sources */,
				D82A45922C1B4DB900C25D26 /* LaunchScreenViewController.swift in Sources */,
				D82A459D2C1B6F8500C25D26 /* FindViewController.swift in Sources */,
				D82A45BB2C1F0FE700C25D26 /* SettingTableViewCell.swift in Sources */,
				D82A45C42C1F5A9E00C25D26 /* FindListViewController.swift in Sources */,
				D82A45972C1B5EBA00C25D26 /* ButtonStyle.swift in Sources */,
				D82A459A2C1B621900C25D26 /* ProfileViewController.swift in Sources */,
				D82A457A2C1B4A9E00C25D26 /* SceneDelegate.swift in Sources */,
				D82A45B62C1EAA7100C25D26 /* DetailViewController.swift in Sources */,
				D89ED5142C2480F300ACE555 /* testdddd.swift in Sources */,
				D82A45AC2C1CE62900C25D26 /* APIKey.swift in Sources */,
				D82A45952C1B58E500C25D26 /* MainViewController.swift in Sources */,
			);
			runOnlyForDeploymentPostprocessing = 0;
		};
/* End PBXSourcesBuildPhase section */

/* Begin PBXVariantGroup section */
		D82A457D2C1B4A9E00C25D26 /* Main.storyboard */ = {
			isa = PBXVariantGroup;
			children = (
				D82A457E2C1B4A9E00C25D26 /* Base */,
			);
			name = Main.storyboard;
			sourceTree = "<group>";
		};
/* End PBXVariantGroup section */

/* Begin XCBuildConfiguration section */
		D82A45862C1B4A9F00C25D26 /* Debug */ = {
			isa = XCBuildConfiguration;
			buildSettings = {
				ALWAYS_SEARCH_USER_PATHS = NO;
				ASSETCATALOG_COMPILER_GENERATE_SWIFT_ASSET_SYMBOL_EXTENSIONS = YES;
				CLANG_ANALYZER_NONNULL = YES;
				CLANG_ANALYZER_NUMBER_OBJECT_CONVERSION = YES_AGGRESSIVE;
				CLANG_CXX_LANGUAGE_STANDARD = "gnu++20";
				CLANG_ENABLE_MODULES = YES;
				CLANG_ENABLE_OBJC_ARC = YES;
				CLANG_ENABLE_OBJC_WEAK = YES;
				CLANG_WARN_BLOCK_CAPTURE_AUTORELEASING = YES;
				CLANG_WARN_BOOL_CONVERSION = YES;
				CLANG_WARN_COMMA = YES;
				CLANG_WARN_CONSTANT_CONVERSION = YES;
				CLANG_WARN_DEPRECATED_OBJC_IMPLEMENTATIONS = YES;
				CLANG_WARN_DIRECT_OBJC_ISA_USAGE = YES_ERROR;
				CLANG_WARN_DOCUMENTATION_COMMENTS = YES;
				CLANG_WARN_EMPTY_BODY = YES;
				CLANG_WARN_ENUM_CONVERSION = YES;
				CLANG_WARN_INFINITE_RECURSION = YES;
				CLANG_WARN_INT_CONVERSION = YES;
				CLANG_WARN_NON_LITERAL_NULL_CONVERSION = YES;
				CLANG_WARN_OBJC_IMPLICIT_RETAIN_SELF = YES;
				CLANG_WARN_OBJC_LITERAL_CONVERSION = YES;
				CLANG_WARN_OBJC_ROOT_CLASS = YES_ERROR;
				CLANG_WARN_QUOTED_INCLUDE_IN_FRAMEWORK_HEADER = YES;
				CLANG_WARN_RANGE_LOOP_ANALYSIS = YES;
				CLANG_WARN_STRICT_PROTOTYPES = YES;
				CLANG_WARN_SUSPICIOUS_MOVE = YES;
				CLANG_WARN_UNGUARDED_AVAILABILITY = YES_AGGRESSIVE;
				CLANG_WARN_UNREACHABLE_CODE = YES;
				CLANG_WARN__DUPLICATE_METHOD_MATCH = YES;
				COPY_PHASE_STRIP = NO;
				DEBUG_INFORMATION_FORMAT = dwarf;
				ENABLE_STRICT_OBJC_MSGSEND = YES;
				ENABLE_TESTABILITY = YES;
				ENABLE_USER_SCRIPT_SANDBOXING = YES;
				GCC_C_LANGUAGE_STANDARD = gnu17;
				GCC_DYNAMIC_NO_PIC = NO;
				GCC_NO_COMMON_BLOCKS = YES;
				GCC_OPTIMIZATION_LEVEL = 0;
				GCC_PREPROCESSOR_DEFINITIONS = (
					"DEBUG=1",
					"$(inherited)",
				);
				GCC_WARN_64_TO_32_BIT_CONVERSION = YES;
				GCC_WARN_ABOUT_RETURN_TYPE = YES_ERROR;
				GCC_WARN_UNDECLARED_SELECTOR = YES;
				GCC_WARN_UNINITIALIZED_AUTOS = YES_AGGRESSIVE;
				GCC_WARN_UNUSED_FUNCTION = YES;
				GCC_WARN_UNUSED_VARIABLE = YES;
				IPHONEOS_DEPLOYMENT_TARGET = 17.0;
				LOCALIZATION_PREFERS_STRING_CATALOGS = YES;
				MTL_ENABLE_DEBUG_INFO = INCLUDE_SOURCE;
				MTL_FAST_MATH = YES;
				ONLY_ACTIVE_ARCH = YES;
				SDKROOT = iphoneos;
				SWIFT_ACTIVE_COMPILATION_CONDITIONS = "DEBUG $(inherited)";
				SWIFT_OPTIMIZATION_LEVEL = "-Onone";
			};
			name = Debug;
		};
		D82A45872C1B4A9F00C25D26 /* Release */ = {
			isa = XCBuildConfiguration;
			buildSettings = {
				ALWAYS_SEARCH_USER_PATHS = NO;
				ASSETCATALOG_COMPILER_GENERATE_SWIFT_ASSET_SYMBOL_EXTENSIONS = YES;
				CLANG_ANALYZER_NONNULL = YES;
				CLANG_ANALYZER_NUMBER_OBJECT_CONVERSION = YES_AGGRESSIVE;
				CLANG_CXX_LANGUAGE_STANDARD = "gnu++20";
				CLANG_ENABLE_MODULES = YES;
				CLANG_ENABLE_OBJC_ARC = YES;
				CLANG_ENABLE_OBJC_WEAK = YES;
				CLANG_WARN_BLOCK_CAPTURE_AUTORELEASING = YES;
				CLANG_WARN_BOOL_CONVERSION = YES;
				CLANG_WARN_COMMA = YES;
				CLANG_WARN_CONSTANT_CONVERSION = YES;
				CLANG_WARN_DEPRECATED_OBJC_IMPLEMENTATIONS = YES;
				CLANG_WARN_DIRECT_OBJC_ISA_USAGE = YES_ERROR;
				CLANG_WARN_DOCUMENTATION_COMMENTS = YES;
				CLANG_WARN_EMPTY_BODY = YES;
				CLANG_WARN_ENUM_CONVERSION = YES;
				CLANG_WARN_INFINITE_RECURSION = YES;
				CLANG_WARN_INT_CONVERSION = YES;
				CLANG_WARN_NON_LITERAL_NULL_CONVERSION = YES;
				CLANG_WARN_OBJC_IMPLICIT_RETAIN_SELF = YES;
				CLANG_WARN_OBJC_LITERAL_CONVERSION = YES;
				CLANG_WARN_OBJC_ROOT_CLASS = YES_ERROR;
				CLANG_WARN_QUOTED_INCLUDE_IN_FRAMEWORK_HEADER = YES;
				CLANG_WARN_RANGE_LOOP_ANALYSIS = YES;
				CLANG_WARN_STRICT_PROTOTYPES = YES;
				CLANG_WARN_SUSPICIOUS_MOVE = YES;
				CLANG_WARN_UNGUARDED_AVAILABILITY = YES_AGGRESSIVE;
				CLANG_WARN_UNREACHABLE_CODE = YES;
				CLANG_WARN__DUPLICATE_METHOD_MATCH = YES;
				COPY_PHASE_STRIP = NO;
				DEBUG_INFORMATION_FORMAT = "dwarf-with-dsym";
				ENABLE_NS_ASSERTIONS = NO;
				ENABLE_STRICT_OBJC_MSGSEND = YES;
				ENABLE_USER_SCRIPT_SANDBOXING = YES;
				GCC_C_LANGUAGE_STANDARD = gnu17;
				GCC_NO_COMMON_BLOCKS = YES;
				GCC_WARN_64_TO_32_BIT_CONVERSION = YES;
				GCC_WARN_ABOUT_RETURN_TYPE = YES_ERROR;
				GCC_WARN_UNDECLARED_SELECTOR = YES;
				GCC_WARN_UNINITIALIZED_AUTOS = YES_AGGRESSIVE;
				GCC_WARN_UNUSED_FUNCTION = YES;
				GCC_WARN_UNUSED_VARIABLE = YES;
				IPHONEOS_DEPLOYMENT_TARGET = 17.0;
				LOCALIZATION_PREFERS_STRING_CATALOGS = YES;
				MTL_ENABLE_DEBUG_INFO = NO;
				MTL_FAST_MATH = YES;
				SDKROOT = iphoneos;
				SWIFT_COMPILATION_MODE = wholemodule;
				VALIDATE_PRODUCT = YES;
			};
			name = Release;
		};
		D82A45892C1B4A9F00C25D26 /* Debug */ = {
			isa = XCBuildConfiguration;
			buildSettings = {
				ASSETCATALOG_COMPILER_APPICON_NAME = AppIcon;
				ASSETCATALOG_COMPILER_GLOBAL_ACCENT_COLOR_NAME = AccentColor;
				ASSETCATALOG_COMPILER_INCLUDE_ALL_APPICON_ASSETS = NO;
				CODE_SIGN_STYLE = Automatic;
				CURRENT_PROJECT_VERSION = 1;
				DEVELOPMENT_TEAM = 94C5KLWYKG;
				GENERATE_INFOPLIST_FILE = YES;
				INFOPLIST_FILE = MeaningOut/Info.plist;
				INFOPLIST_KEY_UIApplicationSupportsIndirectInputEvents = YES;
				INFOPLIST_KEY_UILaunchStoryboardName = LaunchScreen.storyboard;
				INFOPLIST_KEY_UIMainStoryboardFile = Main;
				INFOPLIST_KEY_UISupportedInterfaceOrientations = UIInterfaceOrientationPortrait;
				INFOPLIST_KEY_UISupportedInterfaceOrientations_iPad = UIInterfaceOrientationPortrait;
				IPHONEOS_DEPLOYMENT_TARGET = 17.0;
				LD_RUNPATH_SEARCH_PATHS = (
					"$(inherited)",
					"@executable_path/Frameworks",
				);
				MARKETING_VERSION = 1.0;
				PRODUCT_BUNDLE_IDENTIFIER = com.sesac.MeaningOut;
				PRODUCT_NAME = "$(TARGET_NAME)";
				SUPPORTED_PLATFORMS = "iphoneos iphonesimulator";
				SUPPORTS_MACCATALYST = NO;
				SUPPORTS_MAC_DESIGNED_FOR_IPHONE_IPAD = NO;
				SUPPORTS_XR_DESIGNED_FOR_IPHONE_IPAD = NO;
				SWIFT_EMIT_LOC_STRINGS = YES;
				SWIFT_VERSION = 5.0;
				TARGETED_DEVICE_FAMILY = 1;
			};
			name = Debug;
		};
		D82A458A2C1B4A9F00C25D26 /* Release */ = {
			isa = XCBuildConfiguration;
			buildSettings = {
				ASSETCATALOG_COMPILER_APPICON_NAME = AppIcon;
				ASSETCATALOG_COMPILER_GLOBAL_ACCENT_COLOR_NAME = AccentColor;
				ASSETCATALOG_COMPILER_INCLUDE_ALL_APPICON_ASSETS = NO;
				CODE_SIGN_STYLE = Automatic;
				CURRENT_PROJECT_VERSION = 1;
				DEVELOPMENT_TEAM = 94C5KLWYKG;
				GENERATE_INFOPLIST_FILE = YES;
				INFOPLIST_FILE = MeaningOut/Info.plist;
				INFOPLIST_KEY_UIApplicationSupportsIndirectInputEvents = YES;
				INFOPLIST_KEY_UILaunchStoryboardName = LaunchScreen.storyboard;
				INFOPLIST_KEY_UIMainStoryboardFile = Main;
				INFOPLIST_KEY_UISupportedInterfaceOrientations = UIInterfaceOrientationPortrait;
				INFOPLIST_KEY_UISupportedInterfaceOrientations_iPad = UIInterfaceOrientationPortrait;
				IPHONEOS_DEPLOYMENT_TARGET = 17.0;
				LD_RUNPATH_SEARCH_PATHS = (
					"$(inherited)",
					"@executable_path/Frameworks",
				);
				MARKETING_VERSION = 1.0;
				PRODUCT_BUNDLE_IDENTIFIER = com.sesac.MeaningOut;
				PRODUCT_NAME = "$(TARGET_NAME)";
				SUPPORTED_PLATFORMS = "iphoneos iphonesimulator";
				SUPPORTS_MACCATALYST = NO;
				SUPPORTS_MAC_DESIGNED_FOR_IPHONE_IPAD = NO;
				SUPPORTS_XR_DESIGNED_FOR_IPHONE_IPAD = NO;
				SWIFT_EMIT_LOC_STRINGS = YES;
				SWIFT_VERSION = 5.0;
				TARGETED_DEVICE_FAMILY = 1;
			};
			name = Release;
		};
/* End XCBuildConfiguration section */

/* Begin XCConfigurationList section */
		D82A456F2C1B4A9E00C25D26 /* Build configuration list for PBXProject "MeaningOut" */ = {
			isa = XCConfigurationList;
			buildConfigurations = (
				D82A45862C1B4A9F00C25D26 /* Debug */,
				D82A45872C1B4A9F00C25D26 /* Release */,
			);
			defaultConfigurationIsVisible = 0;
			defaultConfigurationName = Release;
		};
		D82A45882C1B4A9F00C25D26 /* Build configuration list for PBXNativeTarget "MeaningOut" */ = {
			isa = XCConfigurationList;
			buildConfigurations = (
				D82A45892C1B4A9F00C25D26 /* Debug */,
				D82A458A2C1B4A9F00C25D26 /* Release */,
			);
			defaultConfigurationIsVisible = 0;
			defaultConfigurationName = Release;
		};
/* End XCConfigurationList section */

/* Begin XCRemoteSwiftPackageReference section */
		D82A458D2C1B4BEB00C25D26 /* XCRemoteSwiftPackageReference "SnapKit" */ = {
			isa = XCRemoteSwiftPackageReference;
			repositoryURL = "https://github.com/SnapKit/SnapKit.git";
			requirement = {
				kind = upToNextMajorVersion;
				minimumVersion = 5.7.1;
			};
		};
		D82A45A62C1CE45F00C25D26 /* XCRemoteSwiftPackageReference "Alamofire" */ = {
			isa = XCRemoteSwiftPackageReference;
			repositoryURL = "https://github.com/Alamofire/Alamofire.git";
			requirement = {
				kind = upToNextMajorVersion;
				minimumVersion = 5.9.1;
			};
		};
		D82A45B12C1DEEDD00C25D26 /* XCRemoteSwiftPackageReference "Kingfisher" */ = {
			isa = XCRemoteSwiftPackageReference;
			repositoryURL = "https://github.com/onevcat/Kingfisher.git";
			requirement = {
				kind = upToNextMajorVersion;
				minimumVersion = 7.12.0;
			};
		};
/* End XCRemoteSwiftPackageReference section */

/* Begin XCSwiftPackageProductDependency section */
		D82A458E2C1B4BEB00C25D26 /* SnapKit */ = {
			isa = XCSwiftPackageProductDependency;
			package = D82A458D2C1B4BEB00C25D26 /* XCRemoteSwiftPackageReference "SnapKit" */;
			productName = SnapKit;
		};
		D82A45A72C1CE45F00C25D26 /* Alamofire */ = {
			isa = XCSwiftPackageProductDependency;
			package = D82A45A62C1CE45F00C25D26 /* XCRemoteSwiftPackageReference "Alamofire" */;
			productName = Alamofire;
		};
		D82A45B22C1DEEDD00C25D26 /* Kingfisher */ = {
			isa = XCSwiftPackageProductDependency;
			package = D82A45B12C1DEEDD00C25D26 /* XCRemoteSwiftPackageReference "Kingfisher" */;
			productName = Kingfisher;
		};
/* End XCSwiftPackageProductDependency section */
	};
	rootObject = D82A456C2C1B4A9E00C25D26 /* Project object */;
}
